
Microsoft Visual Studio Solution File, Format Version 12.00
# Visual Studio Version 16
VisualStudioVersion = 16.0.31205.134
MinimumVisualStudioVersion = 10.0.40219.1
Project("{FAE04EC0-301F-11D3-BF4B-00C04F79EFBC}") = "OdeToFood.Web", "OdeToFood.Web\OdeToFood.Web.csproj", "{5C713341-9472-40EB-BD4B-089972A56E15}"
EndProject
Project("{FAE04EC0-301F-11D3-BF4B-00C04F79EFBC}") = "OdeToFood.Data", "OdeToFood.Data\OdeToFood.Data.csproj", "{9D96F967-38D6-481E-BB09-4230A41A0A34}"
EndProject
Global
	GlobalSection(SolutionConfigurationPlatforms) = preSolution
		Debug|Any CPU = Debug|Any CPU
		Release|Any CPU = Release|Any CPU
	EndGlobalSection
	GlobalSection(ProjectConfigurationPlatforms) = postSolution
		{5C713341-9472-40EB-BD4B-089972A56E15}.Debug|Any CPU.ActiveCfg = Debug|Any CPU
		{5C713341-9472-40EB-BD4B-089972A56E15}.Debug|Any CPU.Build.0 = Debug|Any CPU
		{5C713341-9472-40EB-BD4B-089972A56E15}.Release|Any CPU.ActiveCfg = Release|Any CPU
		{5C713341-9472-40EB-BD4B-089972A56E15}.Release|Any CPU.Build.0 = Release|Any CPU
		{9D96F967-38D6-481E-BB09-4230A41A0A34}.Debug|Any CPU.ActiveCfg = Debug|Any CPU
		{9D96F967-38D6-481E-BB09-4230A41A0A34}.Debug|Any CPU.Build.0 = Debug|Any CPU
		{9D96F967-38D6-481E-BB09-4230A41A0A34}.Release|Any CPU.ActiveCfg = Release|Any CPU
		{9D96F967-38D6-481E-BB09-4230A41A0A34}.Release|Any CPU.Build.0 = Release|Any CPU
	EndGlobalSection
	GlobalSection(SolutionProperties) = preSolution
		HideSolutionNode = FALSE
	EndGlobalSection
	GlobalSection(ExtensibilityGlobals) = postSolution
		SolutionGuid = {75308B90-2BB6-4D90-923E-A7226E1F5953}
	EndGlobalSection
EndGlobal
